
Microsoft Visual Studio Solution File, Format Version 12.00
# Visual Studio Version 17
VisualStudioVersion = 17.8.34601.278
MinimumVisualStudioVersion = 10.0.40219.1
Project("{FAE04EC0-301F-11D3-BF4B-00C04F79EFBC}") = "ConsoleApp1", "ConsoleApp1\ConsoleApp1.csproj", "{D5AE0D22-54D2-4129-AEBA-7EBF6609DE37}"
EndProject
Global
	GlobalSection(SolutionConfigurationPlatforms) = preSolution
		Debug|Any CPU = Debug|Any CPU
		Release|Any CPU = Release|Any CPU
	EndGlobalSection
	GlobalSection(ProjectConfigurationPlatforms) = postSolution
		{D5AE0D22-54D2-4129-AEBA-7EBF6609DE37}.Debug|Any CPU.ActiveCfg = Debug|Any CPU
		{D5AE0D22-54D2-4129-AEBA-7EBF6609DE37}.Debug|Any CPU.Build.0 = Debug|Any CPU
		{D5AE0D22-54D2-4129-AEBA-7EBF6609DE37}.Release|Any CPU.ActiveCfg = Release|Any CPU
		{D5AE0D22-54D2-4129-AEBA-7EBF6609DE37}.Release|Any CPU.Build.0 = Release|Any CPU
	EndGlobalSection
	GlobalSection(SolutionProperties) = preSolution
		HideSolutionNode = FALSE
	EndGlobalSection
	GlobalSection(ExtensibilityGlobals) = postSolution
		SolutionGuid = {787EC50D-99CB-471C-BEB3-ADD2B9B684EE}
	EndGlobalSection
EndGlobal
